// !$*UTF8*$!
{
	archiveVersion = 1;
	classes = {
	};
	objectVersion = 56;
	objects = {

/* Begin PBXBuildFile section */
		395111DC2A1FD657007363CA /* UIDesignSystem in Resources */ = {isa = PBXBuildFile; fileRef = 395111DB2A1FD657007363CA /* UIDesignSystem */; };
		395111EB2A1FDB24007363CA /* NewsService.swift in Sources */ = {isa = PBXBuildFile; fileRef = 395111E62A1FDB23007363CA /* NewsService.swift */; };
		395111EC2A1FDB24007363CA /* NewsSections.swift in Sources */ = {isa = PBXBuildFile; fileRef = 395111E72A1FDB23007363CA /* NewsSections.swift */; };
		395111ED2A1FDB24007363CA /* Configurator.swift in Sources */ = {isa = PBXBuildFile; fileRef = 395111E82A1FDB24007363CA /* Configurator.swift */; };
		395111EE2A1FDB24007363CA /* Injected.swift in Sources */ = {isa = PBXBuildFile; fileRef = 395111E92A1FDB24007363CA /* Injected.swift */; };
		395111EF2A1FDB24007363CA /* ServiceLocator.swift in Sources */ = {isa = PBXBuildFile; fileRef = 395111EA2A1FDB24007363CA /* ServiceLocator.swift */; };
		39AF9C3E29E193FD00B1004F /* ArticleScreen.swift in Sources */ = {isa = PBXBuildFile; fileRef = 39AF9C3D29E193FD00B1004F /* ArticleScreen.swift */; };
		39AF9C4029E1B5CC00B1004F /* CommentsScreen.swift in Sources */ = {isa = PBXBuildFile; fileRef = 39AF9C3F29E1B5CC00B1004F /* CommentsScreen.swift */; };
		39AF9C4629E2B46B00B1004F /* FavoritesViewModel.swift in Sources */ = {isa = PBXBuildFile; fileRef = 39AF9C4529E2B46B00B1004F /* FavoritesViewModel.swift */; };
		39FA717229DAEFD7000C8CED /* OtusAppSwiftUI003.swift in Sources */ = {isa = PBXBuildFile; fileRef = 39FA717129DAEFD7000C8CED /* OtusAppSwiftUI003.swift */; };
		39FA717429DAEFD7000C8CED /* ContentView.swift in Sources */ = {isa = PBXBuildFile; fileRef = 39FA717329DAEFD7000C8CED /* ContentView.swift */; };
		39FA717629DAEFD8000C8CED /* Assets.xcassets in Resources */ = {isa = PBXBuildFile; fileRef = 39FA717529DAEFD8000C8CED /* Assets.xcassets */; };
		39FA717A29DAEFD8000C8CED /* Preview Assets.xcassets in Resources */ = {isa = PBXBuildFile; fileRef = 39FA717929DAEFD8000C8CED /* Preview Assets.xcassets */; };
		39FA718229DAF29A000C8CED /* NewsScreen.swift in Sources */ = {isa = PBXBuildFile; fileRef = 39FA718129DAF29A000C8CED /* NewsScreen.swift */; };
		39FA718429DAF2A9000C8CED /* FavoritesScreen.swift in Sources */ = {isa = PBXBuildFile; fileRef = 39FA718329DAF2A9000C8CED /* FavoritesScreen.swift */; };
		39FA718729DAF775000C8CED /* NewsViewModel.swift in Sources */ = {isa = PBXBuildFile; fileRef = 39FA718629DAF775000C8CED /* NewsViewModel.swift */; };
		39FA718D29DB11A1000C8CED /* UIDesignSystem in Frameworks */ = {isa = PBXBuildFile; productRef = 39FA718C29DB11A1000C8CED /* UIDesignSystem */; };
		39FA718F29DC6AEA000C8CED /* ListArticleCell.swift in Sources */ = {isa = PBXBuildFile; fileRef = 39FA718E29DC6AEA000C8CED /* ListArticleCell.swift */; };
		39FEFA7C29F547FA009D6206 /* Core in Frameworks */ = {isa = PBXBuildFile; productRef = 39FEFA7B29F547FA009D6206 /* Core */; };
/* End PBXBuildFile section */

/* Begin PBXFileReference section */
		395111DB2A1FD657007363CA /* UIDesignSystem */ = {isa = PBXFileReference; fileEncoding = 4; lastKnownFileType = text; name = UIDesignSystem; path = Modules/UIDesignSystem; sourceTree = SOURCE_ROOT; };
		395111E62A1FDB23007363CA /* NewsService.swift */ = {isa = PBXFileReference; fileEncoding = 4; lastKnownFileType = sourcecode.swift; path = NewsService.swift; sourceTree = "<group>"; };
		395111E72A1FDB23007363CA /* NewsSections.swift */ = {isa = PBXFileReference; fileEncoding = 4; lastKnownFileType = sourcecode.swift; path = NewsSections.swift; sourceTree = "<group>"; };
		395111E82A1FDB24007363CA /* Configurator.swift */ = {isa = PBXFileReference; fileEncoding = 4; lastKnownFileType = sourcecode.swift; path = Configurator.swift; sourceTree = "<group>"; };
		395111E92A1FDB24007363CA /* Injected.swift */ = {isa = PBXFileReference; fileEncoding = 4; lastKnownFileType = sourcecode.swift; path = Injected.swift; sourceTree = "<group>"; };
		395111EA2A1FDB24007363CA /* ServiceLocator.swift */ = {isa = PBXFileReference; fileEncoding = 4; lastKnownFileType = sourcecode.swift; path = ServiceLocator.swift; sourceTree = "<group>"; };
		39AF9C3D29E193FD00B1004F /* ArticleScreen.swift */ = {isa = PBXFileReference; lastKnownFileType = sourcecode.swift; path = ArticleScreen.swift; sourceTree = "<group>"; };
		39AF9C3F29E1B5CC00B1004F /* CommentsScreen.swift */ = {isa = PBXFileReference; lastKnownFileType = sourcecode.swift; path = CommentsScreen.swift; sourceTree = "<group>"; };
		39AF9C4529E2B46B00B1004F /* FavoritesViewModel.swift */ = {isa = PBXFileReference; lastKnownFileType = sourcecode.swift; path = FavoritesViewModel.swift; sourceTree = "<group>"; };
		39FA716E29DAEFD7000C8CED /* OtusAppSwiftUI002.app */ = {isa = PBXFileReference; explicitFileType = wrapper.application; includeInIndex = 0; path = OtusAppSwiftUI002.app; sourceTree = BUILT_PRODUCTS_DIR; };
		39FA717129DAEFD7000C8CED /* OtusAppSwiftUI003.swift */ = {isa = PBXFileReference; lastKnownFileType = sourcecode.swift; path = OtusAppSwiftUI003.swift; sourceTree = "<group>"; };
		39FA717329DAEFD7000C8CED /* ContentView.swift */ = {isa = PBXFileReference; lastKnownFileType = sourcecode.swift; path = ContentView.swift; sourceTree = "<group>"; };
		39FA717529DAEFD8000C8CED /* Assets.xcassets */ = {isa = PBXFileReference; lastKnownFileType = folder.assetcatalog; path = Assets.xcassets; sourceTree = "<group>"; };
		39FA717729DAEFD8000C8CED /* OtusAppSwiftUI002.entitlements */ = {isa = PBXFileReference; lastKnownFileType = text.plist.entitlements; path = OtusAppSwiftUI002.entitlements; sourceTree = "<group>"; };
		39FA717929DAEFD8000C8CED /* Preview Assets.xcassets */ = {isa = PBXFileReference; lastKnownFileType = folder.assetcatalog; path = "Preview Assets.xcassets"; sourceTree = "<group>"; };
		39FA718129DAF29A000C8CED /* NewsScreen.swift */ = {isa = PBXFileReference; lastKnownFileType = sourcecode.swift; path = NewsScreen.swift; sourceTree = "<group>"; };
		39FA718329DAF2A9000C8CED /* FavoritesScreen.swift */ = {isa = PBXFileReference; lastKnownFileType = sourcecode.swift; path = FavoritesScreen.swift; sourceTree = "<group>"; };
		39FA718629DAF775000C8CED /* NewsViewModel.swift */ = {isa = PBXFileReference; lastKnownFileType = sourcecode.swift; path = NewsViewModel.swift; sourceTree = "<group>"; };
		39FA718E29DC6AEA000C8CED /* ListArticleCell.swift */ = {isa = PBXFileReference; lastKnownFileType = sourcecode.swift; path = ListArticleCell.swift; sourceTree = "<group>"; };
		39FEFA7A29F547C1009D6206 /* Core */ = {isa = PBXFileReference; lastKnownFileType = wrapper; name = Core; path = ../Modules/Core; sourceTree = "<group>"; };
/* End PBXFileReference section */

/* Begin PBXFrameworksBuildPhase section */
		39FA716B29DAEFD7000C8CED /* Frameworks */ = {
			isa = PBXFrameworksBuildPhase;
			buildActionMask = 2147483647;
			files = (
				39FA718D29DB11A1000C8CED /* UIDesignSystem in Frameworks */,
				39FEFA7C29F547FA009D6206 /* Core in Frameworks */,
			);
			runOnlyForDeploymentPostprocessing = 0;
		};
/* End PBXFrameworksBuildPhase section */

/* Begin PBXGroup section */
		395111E52A1FDB01007363CA /* ServiceLayer */ = {
			isa = PBXGroup;
			children = (
				395111E82A1FDB24007363CA /* Configurator.swift */,
				395111E92A1FDB24007363CA /* Injected.swift */,
				395111E72A1FDB23007363CA /* NewsSections.swift */,
				395111E62A1FDB23007363CA /* NewsService.swift */,
				395111EA2A1FDB24007363CA /* ServiceLocator.swift */,
			);
			path = ServiceLayer;
			sourceTree = "<group>";
		};
		39AF9C4429E2B45600B1004F /* Favourites */ = {
			isa = PBXGroup;
			children = (
				39FA718329DAF2A9000C8CED /* FavoritesScreen.swift */,
				39AF9C4529E2B46B00B1004F /* FavoritesViewModel.swift */,
			);
			path = Favourites;
			sourceTree = "<group>";
		};
		39FA716529DAEFD7000C8CED = {
			isa = PBXGroup;
			children = (
				39FA717029DAEFD7000C8CED /* OtusAppSwiftUI002 */,
				39FA716F29DAEFD7000C8CED /* Products */,
				39FA718829DAF8B1000C8CED /* Frameworks */,
			);
			sourceTree = "<group>";
		};
		39FA716F29DAEFD7000C8CED /* Products */ = {
			isa = PBXGroup;
			children = (
				39FA716E29DAEFD7000C8CED /* OtusAppSwiftUI002.app */,
			);
			name = Products;
			sourceTree = "<group>";
		};
		39FA717029DAEFD7000C8CED /* OtusAppSwiftUI002 */ = {
			isa = PBXGroup;
			children = (
				395111DB2A1FD657007363CA /* UIDesignSystem */,
				39FEFA7A29F547C1009D6206 /* Core */,
				395111E52A1FDB01007363CA /* ServiceLayer */,
				39AF9C4429E2B45600B1004F /* Favourites */,
				39FA718529DAF762000C8CED /* News */,
				39FA717329DAEFD7000C8CED /* ContentView.swift */,
				39FA717129DAEFD7000C8CED /* OtusAppSwiftUI003.swift */,
				39AF9C3F29E1B5CC00B1004F /* CommentsScreen.swift */,
				39FA717529DAEFD8000C8CED /* Assets.xcassets */,
				39FA717729DAEFD8000C8CED /* OtusAppSwiftUI002.entitlements */,
				39FA717829DAEFD8000C8CED /* Preview Content */,
			);
			path = OtusAppSwiftUI002;
			sourceTree = "<group>";
		};
		39FA717829DAEFD8000C8CED /* Preview Content */ = {
			isa = PBXGroup;
			children = (
				39FA717929DAEFD8000C8CED /* Preview Assets.xcassets */,
			);
			path = "Preview Content";
			sourceTree = "<group>";
		};
		39FA718529DAF762000C8CED /* News */ = {
			isa = PBXGroup;
			children = (
				39FA718129DAF29A000C8CED /* NewsScreen.swift */,
				39FA718629DAF775000C8CED /* NewsViewModel.swift */,
				39FA718E29DC6AEA000C8CED /* ListArticleCell.swift */,
				39AF9C3D29E193FD00B1004F /* ArticleScreen.swift */,
			);
			path = News;
			sourceTree = "<group>";
		};
		39FA718829DAF8B1000C8CED /* Frameworks */ = {
			isa = PBXGroup;
			children = (
			);
			name = Frameworks;
			sourceTree = "<group>";
		};
/* End PBXGroup section */

/* Begin PBXNativeTarget section */
		39FA716D29DAEFD7000C8CED /* OtusAppSwiftUI002 */ = {
			isa = PBXNativeTarget;
			buildConfigurationList = 39FA717D29DAEFD8000C8CED /* Build configuration list for PBXNativeTarget "OtusAppSwiftUI002" */;
			buildPhases = (
				39FA716A29DAEFD7000C8CED /* Sources */,
				39FA716B29DAEFD7000C8CED /* Frameworks */,
				39FA716C29DAEFD7000C8CED /* Resources */,
			);
			buildRules = (
			);
			dependencies = (
			);
			name = OtusAppSwiftUI002;
			packageProductDependencies = (
				39FA718C29DB11A1000C8CED /* UIDesignSystem */,
				39FEFA7B29F547FA009D6206 /* Core */,
			);
			productName = OtusAppSwiftUI002;
			productReference = 39FA716E29DAEFD7000C8CED /* OtusAppSwiftUI002.app */;
			productType = "com.apple.product-type.application";
		};
/* End PBXNativeTarget section */

/* Begin PBXProject section */
		39FA716629DAEFD7000C8CED /* Project object */ = {
			isa = PBXProject;
			attributes = {
				BuildIndependentTargetsInParallel = 1;
				LastSwiftUpdateCheck = 1420;
				LastUpgradeCheck = 1420;
				TargetAttributes = {
					39FA716D29DAEFD7000C8CED = {
						CreatedOnToolsVersion = 14.2;
					};
				};
			};
			buildConfigurationList = 39FA716929DAEFD7000C8CED /* Build configuration list for PBXProject "OtusAppSwiftUI002" */;
			compatibilityVersion = "Xcode 14.0";
			developmentRegion = en;
			hasScannedForEncodings = 0;
			knownRegions = (
				en,
				Base,
			);
			mainGroup = 39FA716529DAEFD7000C8CED;
			productRefGroup = 39FA716F29DAEFD7000C8CED /* Products */;
			projectDirPath = "";
			projectRoot = "";
			targets = (
				39FA716D29DAEFD7000C8CED /* OtusAppSwiftUI002 */,
			);
		};
/* End PBXProject section */

/* Begin PBXResourcesBuildPhase section */
		39FA716C29DAEFD7000C8CED /* Resources */ = {
			isa = PBXResourcesBuildPhase;
			buildActionMask = 2147483647;
			files = (
				395111DC2A1FD657007363CA /* UIDesignSystem in Resources */,
				39FA717A29DAEFD8000C8CED /* Preview Assets.xcassets in Resources */,
				39FA717629DAEFD8000C8CED /* Assets.xcassets in Resources */,
			);
			runOnlyForDeploymentPostprocessing = 0;
		};
/* End PBXResourcesBuildPhase section */

/* Begin PBXSourcesBuildPhase section */
		39FA716A29DAEFD7000C8CED /* Sources */ = {
			isa = PBXSourcesBuildPhase;
			buildActionMask = 2147483647;
			files = (
				395111EB2A1FDB24007363CA /* NewsService.swift in Sources */,
				395111EC2A1FDB24007363CA /* NewsSections.swift in Sources */,
				39FA718229DAF29A000C8CED /* NewsScreen.swift in Sources */,
				39FA717429DAEFD7000C8CED /* ContentView.swift in Sources */,
				395111EE2A1FDB24007363CA /* Injected.swift in Sources */,
				395111ED2A1FDB24007363CA /* Configurator.swift in Sources */,
				395111EF2A1FDB24007363CA /* ServiceLocator.swift in Sources */,
				39AF9C4629E2B46B00B1004F /* FavoritesViewModel.swift in Sources */,
				39FA718729DAF775000C8CED /* NewsViewModel.swift in Sources */,
				39FA717229DAEFD7000C8CED /* OtusAppSwiftUI003.swift in Sources */,
				39FA718F29DC6AEA000C8CED /* ListArticleCell.swift in Sources */,
				39AF9C4029E1B5CC00B1004F /* CommentsScreen.swift in Sources */,
				39FA718429DAF2A9000C8CED /* FavoritesScreen.swift in Sources */,
				39AF9C3E29E193FD00B1004F /* ArticleScreen.swift in Sources */,
			);
			runOnlyForDeploymentPostprocessing = 0;
		};
/* End PBXSourcesBuildPhase section */

/* Begin XCBuildConfiguration section */
		39FA717B29DAEFD8000C8CED /* Debug */ = {
			isa = XCBuildConfiguration;
			buildSettings = {
				ALWAYS_SEARCH_USER_PATHS = NO;
				CLANG_ANALYZER_NONNULL = YES;
				CLANG_ANALYZER_NUMBER_OBJECT_CONVERSION = YES_AGGRESSIVE;
				CLANG_CXX_LANGUAGE_STANDARD = "gnu++20";
				CLANG_ENABLE_MODULES = YES;
				CLANG_ENABLE_OBJC_ARC = YES;
				CLANG_ENABLE_OBJC_WEAK = YES;
				CLANG_WARN_BLOCK_CAPTURE_AUTORELEASING = YES;
				CLANG_WARN_BOOL_CONVERSION = YES;
				CLANG_WARN_COMMA = YES;
				CLANG_WARN_CONSTANT_CONVERSION = YES;
				CLANG_WARN_DEPRECATED_OBJC_IMPLEMENTATIONS = YES;
				CLANG_WARN_DIRECT_OBJC_ISA_USAGE = YES_ERROR;
				CLANG_WARN_DOCUMENTATION_COMMENTS = YES;
				CLANG_WARN_EMPTY_BODY = YES;
				CLANG_WARN_ENUM_CONVERSION = YES;
				CLANG_WARN_INFINITE_RECURSION = YES;
				CLANG_WARN_INT_CONVERSION = YES;
				CLANG_WARN_NON_LITERAL_NULL_CONVERSION = YES;
				CLANG_WARN_OBJC_IMPLICIT_RETAIN_SELF = YES;
				CLANG_WARN_OBJC_LITERAL_CONVERSION = YES;
				CLANG_WARN_OBJC_ROOT_CLASS = YES_ERROR;
				CLANG_WARN_QUOTED_INCLUDE_IN_FRAMEWORK_HEADER = YES;
				CLANG_WARN_RANGE_LOOP_ANALYSIS = YES;
				CLANG_WARN_STRICT_PROTOTYPES = YES;
				CLANG_WARN_SUSPICIOUS_MOVE = YES;
				CLANG_WARN_UNGUARDED_AVAILABILITY = YES_AGGRESSIVE;
				CLANG_WARN_UNREACHABLE_CODE = YES;
				CLANG_WARN__DUPLICATE_METHOD_MATCH = YES;
				COPY_PHASE_STRIP = NO;
				DEBUG_INFORMATION_FORMAT = dwarf;
				ENABLE_STRICT_OBJC_MSGSEND = YES;
				ENABLE_TESTABILITY = YES;
				GCC_C_LANGUAGE_STANDARD = gnu11;
				GCC_DYNAMIC_NO_PIC = NO;
				GCC_NO_COMMON_BLOCKS = YES;
				GCC_OPTIMIZATION_LEVEL = 0;
				GCC_PREPROCESSOR_DEFINITIONS = (
					"DEBUG=1",
					"$(inherited)",
				);
				GCC_WARN_64_TO_32_BIT_CONVERSION = YES;
				GCC_WARN_ABOUT_RETURN_TYPE = YES_ERROR;
				GCC_WARN_UNDECLARED_SELECTOR = YES;
				GCC_WARN_UNINITIALIZED_AUTOS = YES_AGGRESSIVE;
				GCC_WARN_UNUSED_FUNCTION = YES;
				GCC_WARN_UNUSED_VARIABLE = YES;
				MTL_ENABLE_DEBUG_INFO = INCLUDE_SOURCE;
				MTL_FAST_MATH = YES;
				ONLY_ACTIVE_ARCH = YES;
				SWIFT_ACTIVE_COMPILATION_CONDITIONS = DEBUG;
				SWIFT_OPTIMIZATION_LEVEL = "-Onone";
			};
			name = Debug;
		};
		39FA717C29DAEFD8000C8CED /* Release */ = {
			isa = XCBuildConfiguration;
			buildSettings = {
				ALWAYS_SEARCH_USER_PATHS = NO;
				CLANG_ANALYZER_NONNULL = YES;
				CLANG_ANALYZER_NUMBER_OBJECT_CONVERSION = YES_AGGRESSIVE;
				CLANG_CXX_LANGUAGE_STANDARD = "gnu++20";
				CLANG_ENABLE_MODULES = YES;
				CLANG_ENABLE_OBJC_ARC = YES;
				CLANG_ENABLE_OBJC_WEAK = YES;
				CLANG_WARN_BLOCK_CAPTURE_AUTORELEASING = YES;
				CLANG_WARN_BOOL_CONVERSION = YES;
				CLANG_WARN_COMMA = YES;
				CLANG_WARN_CONSTANT_CONVERSION = YES;
				CLANG_WARN_DEPRECATED_OBJC_IMPLEMENTATIONS = YES;
				CLANG_WARN_DIRECT_OBJC_ISA_USAGE = YES_ERROR;
				CLANG_WARN_DOCUMENTATION_COMMENTS = YES;
				CLANG_WARN_EMPTY_BODY = YES;
				CLANG_WARN_ENUM_CONVERSION = YES;
				CLANG_WARN_INFINITE_RECURSION = YES;
				CLANG_WARN_INT_CONVERSION = YES;
				CLANG_WARN_NON_LITERAL_NULL_CONVERSION = YES;
				CLANG_WARN_OBJC_IMPLICIT_RETAIN_SELF = YES;
				CLANG_WARN_OBJC_LITERAL_CONVERSION = YES;
				CLANG_WARN_OBJC_ROOT_CLASS = YES_ERROR;
				CLANG_WARN_QUOTED_INCLUDE_IN_FRAMEWORK_HEADER = YES;
				CLANG_WARN_RANGE_LOOP_ANALYSIS = YES;
				CLANG_WARN_STRICT_PROTOTYPES = YES;
				CLANG_WARN_SUSPICIOUS_MOVE = YES;
				CLANG_WARN_UNGUARDED_AVAILABILITY = YES_AGGRESSIVE;
				CLANG_WARN_UNREACHABLE_CODE = YES;
				CLANG_WARN__DUPLICATE_METHOD_MATCH = YES;
				COPY_PHASE_STRIP = NO;
				DEBUG_INFORMATION_FORMAT = "dwarf-with-dsym";
				ENABLE_NS_ASSERTIONS = NO;
				ENABLE_STRICT_OBJC_MSGSEND = YES;
				GCC_C_LANGUAGE_STANDARD = gnu11;
				GCC_NO_COMMON_BLOCKS = YES;
				GCC_WARN_64_TO_32_BIT_CONVERSION = YES;
				GCC_WARN_ABOUT_RETURN_TYPE = YES_ERROR;
				GCC_WARN_UNDECLARED_SELECTOR = YES;
				GCC_WARN_UNINITIALIZED_AUTOS = YES_AGGRESSIVE;
				GCC_WARN_UNUSED_FUNCTION = YES;
				GCC_WARN_UNUSED_VARIABLE = YES;
				MTL_ENABLE_DEBUG_INFO = NO;
				MTL_FAST_MATH = YES;
				SWIFT_COMPILATION_MODE = wholemodule;
				SWIFT_OPTIMIZATION_LEVEL = "-O";
			};
			name = Release;
		};
		39FA717E29DAEFD8000C8CED /* Debug */ = {
			isa = XCBuildConfiguration;
			buildSettings = {
				ASSETCATALOG_COMPILER_APPICON_NAME = AppIcon;
				ASSETCATALOG_COMPILER_GLOBAL_ACCENT_COLOR_NAME = AccentColor;
				CODE_SIGN_ENTITLEMENTS = OtusAppSwiftUI002/OtusAppSwiftUI002.entitlements;
				CODE_SIGN_STYLE = Automatic;
				CURRENT_PROJECT_VERSION = 1;
				DEVELOPMENT_ASSET_PATHS = "\"OtusAppSwiftUI002/Preview Content\"";
				DEVELOPMENT_TEAM = 9VJ9UUZQH9;
				ENABLE_HARDENED_RUNTIME = YES;
				ENABLE_PREVIEWS = YES;
				GENERATE_INFOPLIST_FILE = YES;
				"INFOPLIST_KEY_UIApplicationSceneManifest_Generation[sdk=iphoneos*]" = YES;
				"INFOPLIST_KEY_UIApplicationSceneManifest_Generation[sdk=iphonesimulator*]" = YES;
				"INFOPLIST_KEY_UIApplicationSupportsIndirectInputEvents[sdk=iphoneos*]" = YES;
				"INFOPLIST_KEY_UIApplicationSupportsIndirectInputEvents[sdk=iphonesimulator*]" = YES;
				"INFOPLIST_KEY_UILaunchScreen_Generation[sdk=iphoneos*]" = YES;
				"INFOPLIST_KEY_UILaunchScreen_Generation[sdk=iphonesimulator*]" = YES;
				"INFOPLIST_KEY_UIStatusBarStyle[sdk=iphoneos*]" = UIStatusBarStyleDefault;
				"INFOPLIST_KEY_UIStatusBarStyle[sdk=iphonesimulator*]" = UIStatusBarStyleDefault;
				INFOPLIST_KEY_UISupportedInterfaceOrientations_iPad = "UIInterfaceOrientationPortrait UIInterfaceOrientationPortraitUpsideDown UIInterfaceOrientationLandscapeLeft UIInterfaceOrientationLandscapeRight";
				INFOPLIST_KEY_UISupportedInterfaceOrientations_iPhone = "UIInterfaceOrientationPortrait UIInterfaceOrientationLandscapeLeft UIInterfaceOrientationLandscapeRight";
				IPHONEOS_DEPLOYMENT_TARGET = 16.2;
				LD_RUNPATH_SEARCH_PATHS = "@executable_path/Frameworks";
				"LD_RUNPATH_SEARCH_PATHS[sdk=macosx*]" = "@executable_path/../Frameworks";
				MACOSX_DEPLOYMENT_TARGET = 13.1;
				MARKETING_VERSION = 1.0;
				PRODUCT_BUNDLE_IDENTIFIER = com.sashanavruzova.OtusAppSwiftUI002;
				PRODUCT_NAME = "$(TARGET_NAME)";
				SDKROOT = auto;
				SUPPORTED_PLATFORMS = "iphoneos iphonesimulator";
				SUPPORTS_MACCATALYST = NO;
				SUPPORTS_MAC_DESIGNED_FOR_IPHONE_IPAD = NO;
				SWIFT_EMIT_LOC_STRINGS = YES;
				SWIFT_VERSION = 5.0;
				TARGETED_DEVICE_FAMILY = 1;
			};
			name = Debug;
		};
		39FA717F29DAEFD8000C8CED /* Release */ = {
			isa = XCBuildConfiguration;
			buildSettings = {
				ASSETCATALOG_COMPILER_APPICON_NAME = AppIcon;
				ASSETCATALOG_COMPILER_GLOBAL_ACCENT_COLOR_NAME = AccentColor;
				CODE_SIGN_ENTITLEMENTS = OtusAppSwiftUI002/OtusAppSwiftUI002.entitlements;
				CODE_SIGN_STYLE = Automatic;
				CURRENT_PROJECT_VERSION = 1;
				DEVELOPMENT_ASSET_PATHS = "\"OtusAppSwiftUI002/Preview Content\"";
				DEVELOPMENT_TEAM = 9VJ9UUZQH9;
				ENABLE_HARDENED_RUNTIME = YES;
				ENABLE_PREVIEWS = YES;
				GENERATE_INFOPLIST_FILE = YES;
				"INFOPLIST_KEY_UIApplicationSceneManifest_Generation[sdk=iphoneos*]" = YES;
				"INFOPLIST_KEY_UIApplicationSceneManifest_Generation[sdk=iphonesimulator*]" = YES;
				"INFOPLIST_KEY_UIApplicationSupportsIndirectInputEvents[sdk=iphoneos*]" = YES;
				"INFOPLIST_KEY_UIApplicationSupportsIndirectInputEvents[sdk=iphonesimulator*]" = YES;
				"INFOPLIST_KEY_UILaunchScreen_Generation[sdk=iphoneos*]" = YES;
				"INFOPLIST_KEY_UILaunchScreen_Generation[sdk=iphonesimulator*]" = YES;
				"INFOPLIST_KEY_UIStatusBarStyle[sdk=iphoneos*]" = UIStatusBarStyleDefault;
				"INFOPLIST_KEY_UIStatusBarStyle[sdk=iphonesimulator*]" = UIStatusBarStyleDefault;
				INFOPLIST_KEY_UISupportedInterfaceOrientations_iPad = "UIInterfaceOrientationPortrait UIInterfaceOrientationPortraitUpsideDown UIInterfaceOrientationLandscapeLeft UIInterfaceOrientationLandscapeRight";
				INFOPLIST_KEY_UISupportedInterfaceOrientations_iPhone = "UIInterfaceOrientationPortrait UIInterfaceOrientationLandscapeLeft UIInterfaceOrientationLandscapeRight";
				IPHONEOS_DEPLOYMENT_TARGET = 16.2;
				LD_RUNPATH_SEARCH_PATHS = "@executable_path/Frameworks";
				"LD_RUNPATH_SEARCH_PATHS[sdk=macosx*]" = "@executable_path/../Frameworks";
				MACOSX_DEPLOYMENT_TARGET = 13.1;
				MARKETING_VERSION = 1.0;
				PRODUCT_BUNDLE_IDENTIFIER = com.sashanavruzova.OtusAppSwiftUI002;
				PRODUCT_NAME = "$(TARGET_NAME)";
				SDKROOT = auto;
				SUPPORTED_PLATFORMS = "iphoneos iphonesimulator";
				SUPPORTS_MACCATALYST = NO;
				SUPPORTS_MAC_DESIGNED_FOR_IPHONE_IPAD = NO;
				SWIFT_EMIT_LOC_STRINGS = YES;
				SWIFT_VERSION = 5.0;
				TARGETED_DEVICE_FAMILY = 1;
			};
			name = Release;
		};
/* End XCBuildConfiguration section */

/* Begin XCConfigurationList section */
		39FA716929DAEFD7000C8CED /* Build configuration list for PBXProject "OtusAppSwiftUI002" */ = {
			isa = XCConfigurationList;
			buildConfigurations = (
				39FA717B29DAEFD8000C8CED /* Debug */,
				39FA717C29DAEFD8000C8CED /* Release */,
			);
			defaultConfigurationIsVisible = 0;
			defaultConfigurationName = Release;
		};
		39FA717D29DAEFD8000C8CED /* Build configuration list for PBXNativeTarget "OtusAppSwiftUI002" */ = {
			isa = XCConfigurationList;
			buildConfigurations = (
				39FA717E29DAEFD8000C8CED /* Debug */,
				39FA717F29DAEFD8000C8CED /* Release */,
			);
			defaultConfigurationIsVisible = 0;
			defaultConfigurationName = Release;
		};
/* End XCConfigurationList section */

/* Begin XCSwiftPackageProductDependency section */
		39FA718C29DB11A1000C8CED /* UIDesignSystem */ = {
			isa = XCSwiftPackageProductDependency;
			productName = UIDesignSystem;
		};
		39FEFA7B29F547FA009D6206 /* Core */ = {
			isa = XCSwiftPackageProductDependency;
			productName = Core;
		};
/* End XCSwiftPackageProductDependency section */
	};
	rootObject = 39FA716629DAEFD7000C8CED /* Project object */;
}
